
Microsoft Visual Studio Solution File, Format Version 12.00
# Visual Studio 15
VisualStudioVersion = 15.0.27004.2002
MinimumVisualStudioVersion = 10.0.40219.1
Project("{FAE04EC0-301F-11D3-BF4B-00C04F79EFBC}") = "Dating_App", "Dating_App\Dating_App.csproj", "{1EFF60B2-EB1E-4FB1-A9A7-654D9C33A002}"
EndProject
Global
	GlobalSection(SolutionConfigurationPlatforms) = preSolution
		Debug|Any CPU = Debug|Any CPU
		Release|Any CPU = Release|Any CPU
	EndGlobalSection
	GlobalSection(ProjectConfigurationPlatforms) = postSolution
		{1EFF60B2-EB1E-4FB1-A9A7-654D9C33A002}.Debug|Any CPU.ActiveCfg = Debug|Any CPU
		{1EFF60B2-EB1E-4FB1-A9A7-654D9C33A002}.Debug|Any CPU.Build.0 = Debug|Any CPU
		{1EFF60B2-EB1E-4FB1-A9A7-654D9C33A002}.Release|Any CPU.ActiveCfg = Release|Any CPU
		{1EFF60B2-EB1E-4FB1-A9A7-654D9C33A002}.Release|Any CPU.Build.0 = Release|Any CPU
	EndGlobalSection
	GlobalSection(SolutionProperties) = preSolution
		HideSolutionNode = FALSE
	EndGlobalSection
	GlobalSection(ExtensibilityGlobals) = postSolution
		SolutionGuid = {4C556F26-568B-4F7C-B53D-38C1143B1E84}
	EndGlobalSection
EndGlobal
